
Microsoft Visual Studio Solution File, Format Version 12.00
# Visual Studio Version 17
VisualStudioVersion = 17.7.34024.191
MinimumVisualStudioVersion = 10.0.40219.1
Project("{FAE04EC0-301F-11D3-BF4B-00C04F79EFBC}") = "Shoryu", "Shoryu\Shoryu.csproj", "{848B7691-29BD-4696-8FF1-B31A2CA1247D}"
EndProject
Project("{8BC9CEB8-8B4A-11D0-8D11-00A0C91BC942}") = "ShoryuCore", "ShoryuCore\ShoryuCore.vcxproj", "{84134AE5-6362-4303-A51C-893D8F78C789}"
EndProject
Project("{8BC9CEB8-8B4A-11D0-8D11-00A0C91BC942}") = "ShoryuCoreTest", "ShoryuCoreTest\ShoryuCoreTest.vcxproj", "{3D817316-56DE-4D58-9FA9-545C229BB6D6}"
	ProjectSection(ProjectDependencies) = postProject
		{84134AE5-6362-4303-A51C-893D8F78C789} = {84134AE5-6362-4303-A51C-893D8F78C789}
	EndProjectSection
EndProject
Global
	GlobalSection(SolutionConfigurationPlatforms) = preSolution
		Debug|Any CPU = Debug|Any CPU
		Debug|x64 = Debug|x64
		Debug|x86 = Debug|x86
		Release|Any CPU = Release|Any CPU
		Release|x64 = Release|x64
		Release|x86 = Release|x86
	EndGlobalSection
	GlobalSection(ProjectConfigurationPlatforms) = postSolution
		{848B7691-29BD-4696-8FF1-B31A2CA1247D}.Debug|Any CPU.ActiveCfg = Debug|Any CPU
		{848B7691-29BD-4696-8FF1-B31A2CA1247D}.Debug|Any CPU.Build.0 = Debug|Any CPU
		{848B7691-29BD-4696-8FF1-B31A2CA1247D}.Debug|x64.ActiveCfg = Debug|Any CPU
		{848B7691-29BD-4696-8FF1-B31A2CA1247D}.Debug|x64.Build.0 = Debug|Any CPU
		{848B7691-29BD-4696-8FF1-B31A2CA1247D}.Debug|x86.ActiveCfg = Debug|Any CPU
		{848B7691-29BD-4696-8FF1-B31A2CA1247D}.Debug|x86.Build.0 = Debug|Any CPU
		{848B7691-29BD-4696-8FF1-B31A2CA1247D}.Release|Any CPU.ActiveCfg = Release|Any CPU
		{848B7691-29BD-4696-8FF1-B31A2CA1247D}.Release|Any CPU.Build.0 = Release|Any CPU
		{848B7691-29BD-4696-8FF1-B31A2CA1247D}.Release|x64.ActiveCfg = Release|Any CPU
		{848B7691-29BD-4696-8FF1-B31A2CA1247D}.Release|x64.Build.0 = Release|Any CPU
		{848B7691-29BD-4696-8FF1-B31A2CA1247D}.Release|x86.ActiveCfg = Release|Any CPU
		{848B7691-29BD-4696-8FF1-B31A2CA1247D}.Release|x86.Build.0 = Release|Any CPU
		{84134AE5-6362-4303-A51C-893D8F78C789}.Debug|Any CPU.ActiveCfg = Debug|x64
		{84134AE5-6362-4303-A51C-893D8F78C789}.Debug|Any CPU.Build.0 = Debug|x64
		{84134AE5-6362-4303-A51C-893D8F78C789}.Debug|x64.ActiveCfg = Debug|x64
		{84134AE5-6362-4303-A51C-893D8F78C789}.Debug|x64.Build.0 = Debug|x64
		{84134AE5-6362-4303-A51C-893D8F78C789}.Debug|x86.ActiveCfg = Debug|Win32
		{84134AE5-6362-4303-A51C-893D8F78C789}.Debug|x86.Build.0 = Debug|Win32
		{84134AE5-6362-4303-A51C-893D8F78C789}.Release|Any CPU.ActiveCfg = Release|x64
		{84134AE5-6362-4303-A51C-893D8F78C789}.Release|Any CPU.Build.0 = Release|x64
		{84134AE5-6362-4303-A51C-893D8F78C789}.Release|x64.ActiveCfg = Release|x64
		{84134AE5-6362-4303-A51C-893D8F78C789}.Release|x64.Build.0 = Release|x64
		{84134AE5-6362-4303-A51C-893D8F78C789}.Release|x86.ActiveCfg = Release|Win32
		{84134AE5-6362-4303-A51C-893D8F78C789}.Release|x86.Build.0 = Release|Win32
		{3D817316-56DE-4D58-9FA9-545C229BB6D6}.Debug|Any CPU.ActiveCfg = Debug|x64
		{3D817316-56DE-4D58-9FA9-545C229BB6D6}.Debug|Any CPU.Build.0 = Debug|x64
		{3D817316-56DE-4D58-9FA9-545C229BB6D6}.Debug|x64.ActiveCfg = Debug|x64
		{3D817316-56DE-4D58-9FA9-545C229BB6D6}.Debug|x64.Build.0 = Debug|x64
		{3D817316-56DE-4D58-9FA9-545C229BB6D6}.Debug|x86.ActiveCfg = Debug|Win32
		{3D817316-56DE-4D58-9FA9-545C229BB6D6}.Debug|x86.Build.0 = Debug|Win32
		{3D817316-56DE-4D58-9FA9-545C229BB6D6}.Release|Any CPU.ActiveCfg = Release|x64
		{3D817316-56DE-4D58-9FA9-545C229BB6D6}.Release|Any CPU.Build.0 = Release|x64
		{3D817316-56DE-4D58-9FA9-545C229BB6D6}.Release|x64.ActiveCfg = Release|x64
		{3D817316-56DE-4D58-9FA9-545C229BB6D6}.Release|x64.Build.0 = Release|x64
		{3D817316-56DE-4D58-9FA9-545C229BB6D6}.Release|x86.ActiveCfg = Release|Win32
		{3D817316-56DE-4D58-9FA9-545C229BB6D6}.Release|x86.Build.0 = Release|Win32
	EndGlobalSection
	GlobalSection(SolutionProperties) = preSolution
		HideSolutionNode = FALSE
	EndGlobalSection
	GlobalSection(ExtensibilityGlobals) = postSolution
		SolutionGuid = {945A8895-3388-4821-827A-858DB804689E}
	EndGlobalSection
EndGlobal
