<?xml version="1.0" encoding="utf-8"?>
<Project ToolsVersion="4.0" xmlns="http://schemas.microsoft.com/developer/msbuild/2003">
  <ItemGroup>
    <Filter Include="src">
      <UniqueIdentifier>{34fbcb25-9e0f-47d5-94b9-7c0109dfd265}</UniqueIdentifier>
    </Filter>
    <Filter Include="include">
      <UniqueIdentifier>{3e3424ec-be18-4135-aae9-aa2c14b82533}</UniqueIdentifier>
    </Filter>
  </ItemGroup>
  <ItemGroup>
    <ClCompile Include="Board.cpp">
      <Filter>src</Filter>
    </ClCompile>
    <ClCompile Include="LegalMoveFinder.cpp">
      <Filter>src</Filter>
    </ClCompile>
    <ClCompile Include="MoveManager.cpp">
      <Filter>src</Filter>
    </ClCompile>
    <ClCompile Include="Piece.cpp">
      <Filter>src</Filter>
    </ClCompile>
    <ClCompile Include="ShoryuCore.cpp">
      <Filter>src</Filter>
    </ClCompile>
    <ClCompile Include="Types.cpp">
      <Filter>src</Filter>
    </ClCompile>
  </ItemGroup>
  <ItemGroup>
    <ClInclude Include="..\..\include\core\Board.h">
      <Filter>include</Filter>
    </ClInclude>
    <ClInclude Include="..\..\include\core\LegalMoveFinder.h">
      <Filter>include</Filter>
    </ClInclude>
    <ClInclude Include="..\..\include\core\Move.h">
      <Filter>include</Filter>
    </ClInclude>
    <ClInclude Include="..\..\include\core\MoveManager.h">
      <Filter>include</Filter>
    </ClInclude>
    <ClInclude Include="..\..\include\core\MoveTable.h">
      <Filter>include</Filter>
    </ClInclude>
    <ClInclude Include="..\..\include\core\Piece.h">
      <Filter>include</Filter>
    </ClInclude>
    <ClInclude Include="..\..\include\core\PieceTraits.h">
      <Filter>include</Filter>
    </ClInclude>
    <ClInclude Include="..\..\include\core\ShoryuCore.h">
      <Filter>include</Filter>
    </ClInclude>
    <ClInclude Include="..\..\include\core\ShoryuCoreExport.h">
      <Filter>include</Filter>
    </ClInclude>
    <ClInclude Include="..\..\include\core\Square.h">
      <Filter>include</Filter>
    </ClInclude>
    <ClInclude Include="..\..\include\core\Types.h">
      <Filter>include</Filter>
    </ClInclude>
  </ItemGroup>
</Project>