<?xml version="1.0" encoding="utf-8"?>
<Project ToolsVersion="4.0" xmlns="http://schemas.microsoft.com/developer/msbuild/2003">
  <ItemGroup>
    <Filter Include="src">
      <UniqueIdentifier>{34fbcb25-9e0f-47d5-94b9-7c0109dfd265}</UniqueIdentifier>
    </Filter>
    <Filter Include="inc">
      <UniqueIdentifier>{3e3424ec-be18-4135-aae9-aa2c14b82533}</UniqueIdentifier>
    </Filter>
  </ItemGroup>
  <ItemGroup>
    <ClCompile Include="Board.cpp">
      <Filter>src</Filter>
    </ClCompile>
    <ClCompile Include="LegalMoveFinder.cpp">
      <Filter>src</Filter>
    </ClCompile>
    <ClCompile Include="MoveManager.cpp">
      <Filter>src</Filter>
    </ClCompile>
    <ClCompile Include="Piece.cpp">
      <Filter>src</Filter>
    </ClCompile>
    <ClCompile Include="Types.cpp">
      <Filter>src</Filter>
    </ClCompile>
    <ClCompile Include="Hand.cpp">
      <Filter>src</Filter>
    </ClCompile>
    <ClCompile Include="Game.cpp">
      <Filter>src</Filter>
    </ClCompile>
    <ClCompile Include="GameController.cpp">
      <Filter>src</Filter>
    </ClCompile>
  </ItemGroup>
  <ItemGroup>
    <ClInclude Include="..\..\inc\core\Board.h">
      <Filter>inc</Filter>
    </ClInclude>
    <ClInclude Include="..\..\inc\core\LegalMoveFinder.h">
      <Filter>inc</Filter>
    </ClInclude>
    <ClInclude Include="..\..\inc\core\Move.h">
      <Filter>inc</Filter>
    </ClInclude>
    <ClInclude Include="..\..\inc\core\MoveManager.h">
      <Filter>inc</Filter>
    </ClInclude>
    <ClInclude Include="..\..\inc\core\MoveTable.h">
      <Filter>inc</Filter>
    </ClInclude>
    <ClInclude Include="..\..\inc\core\Piece.h">
      <Filter>inc</Filter>
    </ClInclude>
    <ClInclude Include="..\..\inc\core\PieceTraits.h">
      <Filter>inc</Filter>
    </ClInclude>
    <ClInclude Include="..\..\inc\core\ShoryuCoreExport.h">
      <Filter>inc</Filter>
    </ClInclude>
    <ClInclude Include="..\..\inc\core\Types.h">
      <Filter>inc</Filter>
    </ClInclude>
    <ClInclude Include="..\..\inc\core\Hand.h">
      <Filter>inc</Filter>
    </ClInclude>
    <ClInclude Include="..\..\inc\core\Game.h">
      <Filter>inc</Filter>
    </ClInclude>
    <ClInclude Include="..\..\inc\core\GameController.h">
      <Filter>inc</Filter>
    </ClInclude>
    <ClInclude Include="..\..\inc\core\ViewDto.h">
      <Filter>inc</Filter>
    </ClInclude>
  </ItemGroup>
</Project>