<?xml version="1.0" encoding="utf-8"?>
<Project ToolsVersion="4.0" xmlns="http://schemas.microsoft.com/developer/msbuild/2003">
  <ItemGroup>
    <Filter Include="Tests">
      <UniqueIdentifier>{67DA6AB6-F800-4c08-8B7A-83BB121AAD01}</UniqueIdentifier>
    </Filter>
  </ItemGroup>
  <!-- Core �\�[�X�t�@�C�� -->
  <ItemGroup>
    <!-- �e�X�g�t�@�C�� -->
    <ClCompile Include="test.cpp">
      <Filter>Tests</Filter>
    </ClCompile>
    <ClCompile Include="LegalMoveFinderTest.cpp">
      <Filter>Tests</Filter>
    </ClCompile>
    <ClCompile Include="MoveManagerTest.cpp">
      <Filter>Tests</Filter>
    </ClCompile>
  </ItemGroup>
  <!-- Core �w�b�_�[�t�@�C�� -->
  <ItemGroup>
    <None Include="CoreTest.vcxproj.filters" />
    <None Include="packages.config" />
  </ItemGroup>
</Project>